Microsoft Visual Studio Solution File, Format Version 12.00
# Visual Studio Version 17
VisualStudioVersion = 17.5.2.0
MinimumVisualStudioVersion = 10.0.40219.1
Project("{FAE04EC0-301F-11D3-BF4B-00C04F79EFBC}") = "SistemaDeEmprestimo", "SistemaDeEmprestimo\SistemaDeEmprestimo.csproj", "{204E9830-0939-F9F4-8F82-37041D58150F}"
EndProject
Global
	GlobalSection(SolutionConfigurationPlatforms) = preSolution
		Debug|Any CPU = Debug|Any CPU
		Release|Any CPU = Release|Any CPU
	EndGlobalSection
	GlobalSection(ProjectConfigurationPlatforms) = postSolution
		{204E9830-0939-F9F4-8F82-37041D58150F}.Debug|Any CPU.ActiveCfg = Debug|Any CPU
		{204E9830-0939-F9F4-8F82-37041D58150F}.Debug|Any CPU.Build.0 = Debug|Any CPU
		{204E9830-0939-F9F4-8F82-37041D58150F}.Release|Any CPU.ActiveCfg = Release|Any CPU
		{204E9830-0939-F9F4-8F82-37041D58150F}.Release|Any CPU.Build.0 = Release|Any CPU
	EndGlobalSection
	GlobalSection(SolutionProperties) = preSolution
		HideSolutionNode = FALSE
	EndGlobalSection
	GlobalSection(ExtensibilityGlobals) = postSolution
		SolutionGuid = {A413DF6A-9F06-4DA9-8DF5-C44DEC406364}
	EndGlobalSection
EndGlobal
